
Microsoft Visual Studio Solution File, Format Version 12.00
# Visual Studio Version 17
VisualStudioVersion = 17.11.35327.3
MinimumVisualStudioVersion = 10.0.40219.1
Project("{FAE04EC0-301F-11D3-BF4B-00C04F79EFBC}") = "PMTP PROJECT", "WebApplication6\PMTP PROJECT.csproj", "{B56181B0-352F-4BD5-BDB2-CE295AEB119C}"
EndProject
Global
	GlobalSection(SolutionConfigurationPlatforms) = preSolution
		Debug|Any CPU = Debug|Any CPU
		Release|Any CPU = Release|Any CPU
	EndGlobalSection
	GlobalSection(ProjectConfigurationPlatforms) = postSolution
		{B56181B0-352F-4BD5-BDB2-CE295AEB119C}.Debug|Any CPU.ActiveCfg = Debug|Any CPU
		{B56181B0-352F-4BD5-BDB2-CE295AEB119C}.Debug|Any CPU.Build.0 = Debug|Any CPU
		{B56181B0-352F-4BD5-BDB2-CE295AEB119C}.Release|Any CPU.ActiveCfg = Release|Any CPU
		{B56181B0-352F-4BD5-BDB2-CE295AEB119C}.Release|Any CPU.Build.0 = Release|Any CPU
	EndGlobalSection
	GlobalSection(SolutionProperties) = preSolution
		HideSolutionNode = FALSE
	EndGlobalSection
	GlobalSection(ExtensibilityGlobals) = postSolution
		SolutionGuid = {B0D385A2-7625-472E-9315-779F4D63E6D4}
	EndGlobalSection
EndGlobal
